// !$*UTF8*$!
{
	archiveVersion = 1;
	classes = {
	};
	objectVersion = 46;
	objects = {

/* Begin PBXBuildFile section */
		0812D7FB1E6E468600CCC9C6 /* CustomTableViewCell.swift in Sources */ = {isa = PBXBuildFile; fileRef = 0812D7FA1E6E468600CCC9C6 /* CustomTableViewCell.swift */; };
		08DF1B121E6E60C0008C6AC9 /* DetailMovieViewController.swift in Sources */ = {isa = PBXBuildFile; fileRef = 08DF1B101E6E60C0008C6AC9 /* DetailMovieViewController.swift */; };
		08DF1B131E6E60C0008C6AC9 /* DetailMovieViewController.xib in Resources */ = {isa = PBXBuildFile; fileRef = 08DF1B111E6E60C0008C6AC9 /* DetailMovieViewController.xib */; };
		08DF1B161E6E6547008C6AC9 /* Dao.swift in Sources */ = {isa = PBXBuildFile; fileRef = 08DF1B151E6E6547008C6AC9 /* Dao.swift */; };
		C6473C01340A518D39C628E1 /* Pods_movieZup.framework in Frameworks */ = {isa = PBXBuildFile; fileRef = 626FBFADF8CB636A7A52B402 /* Pods_movieZup.framework */; };
		D969394C1E46713300426E14 /* AppDelegate.swift in Sources */ = {isa = PBXBuildFile; fileRef = D969394B1E46713300426E14 /* AppDelegate.swift */; };
		D969394E1E46713300426E14 /* ViewController.swift in Sources */ = {isa = PBXBuildFile; fileRef = D969394D1E46713300426E14 /* ViewController.swift */; };
		D96939511E46713300426E14 /* Main.storyboard in Resources */ = {isa = PBXBuildFile; fileRef = D969394F1E46713300426E14 /* Main.storyboard */; };
		D96939561E46713300426E14 /* Assets.xcassets in Resources */ = {isa = PBXBuildFile; fileRef = D96939551E46713300426E14 /* Assets.xcassets */; };
		D96939591E46713300426E14 /* LaunchScreen.storyboard in Resources */ = {isa = PBXBuildFile; fileRef = D96939571E46713300426E14 /* LaunchScreen.storyboard */; };
		D96939631E4674BC00426E14 /* Movies.swift in Sources */ = {isa = PBXBuildFile; fileRef = D96939621E4674BC00426E14 /* Movies.swift */; };
		D96939651E467B7900426E14 /* MoviesAPI.swift in Sources */ = {isa = PBXBuildFile; fileRef = D96939641E467B7900426E14 /* MoviesAPI.swift */; };
		D99096FE1E5CE7F800101A90 /* Constants.swift in Sources */ = {isa = PBXBuildFile; fileRef = D99096FD1E5CE7F800101A90 /* Constants.swift */; };
/* End PBXBuildFile section */

/* Begin PBXFileReference section */
		0812D7FA1E6E468600CCC9C6 /* CustomTableViewCell.swift */ = {isa = PBXFileReference; fileEncoding = 4; lastKnownFileType = sourcecode.swift; name = CustomTableViewCell.swift; path = movieZup/CustomTableViewCell.swift; sourceTree = SOURCE_ROOT; };
		08DF1B101E6E60C0008C6AC9 /* DetailMovieViewController.swift */ = {isa = PBXFileReference; fileEncoding = 4; lastKnownFileType = sourcecode.swift; path = DetailMovieViewController.swift; sourceTree = "<group>"; };
		08DF1B111E6E60C0008C6AC9 /* DetailMovieViewController.xib */ = {isa = PBXFileReference; fileEncoding = 4; lastKnownFileType = file.xib; path = DetailMovieViewController.xib; sourceTree = "<group>"; };
		08DF1B151E6E6547008C6AC9 /* Dao.swift */ = {isa = PBXFileReference; fileEncoding = 4; lastKnownFileType = sourcecode.swift; path = Dao.swift; sourceTree = "<group>"; };
		626FBFADF8CB636A7A52B402 /* Pods_movieZup.framework */ = {isa = PBXFileReference; explicitFileType = wrapper.framework; includeInIndex = 0; path = Pods_movieZup.framework; sourceTree = BUILT_PRODUCTS_DIR; };
		A26024E292EB35F392AE36F2 /* Pods-movieZup.release.xcconfig */ = {isa = PBXFileReference; includeInIndex = 1; lastKnownFileType = text.xcconfig; name = "Pods-movieZup.release.xcconfig"; path = "Pods/Target Support Files/Pods-movieZup/Pods-movieZup.release.xcconfig"; sourceTree = "<group>"; };
		D96939481E46713300426E14 /* movieZup.app */ = {isa = PBXFileReference; explicitFileType = wrapper.application; includeInIndex = 0; path = movieZup.app; sourceTree = BUILT_PRODUCTS_DIR; };
		D969394B1E46713300426E14 /* AppDelegate.swift */ = {isa = PBXFileReference; lastKnownFileType = sourcecode.swift; path = AppDelegate.swift; sourceTree = "<group>"; };
		D969394D1E46713300426E14 /* ViewController.swift */ = {isa = PBXFileReference; lastKnownFileType = sourcecode.swift; name = ViewController.swift; path = ../movieZup/ViewController.swift; sourceTree = "<group>"; };
		D96939501E46713300426E14 /* Base */ = {isa = PBXFileReference; lastKnownFileType = file.storyboard; name = Base; path = Base.lproj/Main.storyboard; sourceTree = "<group>"; };
		D96939551E46713300426E14 /* Assets.xcassets */ = {isa = PBXFileReference; lastKnownFileType = folder.assetcatalog; path = Assets.xcassets; sourceTree = "<group>"; };
		D96939581E46713300426E14 /* Base */ = {isa = PBXFileReference; lastKnownFileType = file.storyboard; name = Base; path = Base.lproj/LaunchScreen.storyboard; sourceTree = "<group>"; };
		D969395A1E46713300426E14 /* Info.plist */ = {isa = PBXFileReference; lastKnownFileType = text.plist.xml; path = Info.plist; sourceTree = "<group>"; };
		D96939621E4674BC00426E14 /* Movies.swift */ = {isa = PBXFileReference; fileEncoding = 4; lastKnownFileType = sourcecode.swift; path = Movies.swift; sourceTree = "<group>"; };
		D96939641E467B7900426E14 /* MoviesAPI.swift */ = {isa = PBXFileReference; fileEncoding = 4; lastKnownFileType = sourcecode.swift; path = MoviesAPI.swift; sourceTree = "<group>"; };
		D99096FD1E5CE7F800101A90 /* Constants.swift */ = {isa = PBXFileReference; fileEncoding = 4; lastKnownFileType = sourcecode.swift; path = Constants.swift; sourceTree = "<group>"; };
		FE5EC2CD9439FFD5A2CC0D92 /* Pods-movieZup.debug.xcconfig */ = {isa = PBXFileReference; includeInIndex = 1; lastKnownFileType = text.xcconfig; name = "Pods-movieZup.debug.xcconfig"; path = "Pods/Target Support Files/Pods-movieZup/Pods-movieZup.debug.xcconfig"; sourceTree = "<group>"; };
/* End PBXFileReference section */

/* Begin PBXFrameworksBuildPhase section */
		D96939451E46713300426E14 /* Frameworks */ = {
			isa = PBXFrameworksBuildPhase;
			buildActionMask = 2147483647;
			files = (
				C6473C01340A518D39C628E1 /* Pods_movieZup.framework in Frameworks */,
			);
			runOnlyForDeploymentPostprocessing = 0;
		};
/* End PBXFrameworksBuildPhase section */

/* Begin PBXGroup section */
		08DF1B141E6E60CD008C6AC9 /* Detail */ = {
			isa = PBXGroup;
			children = (
				08DF1B101E6E60C0008C6AC9 /* DetailMovieViewController.swift */,
				08DF1B111E6E60C0008C6AC9 /* DetailMovieViewController.xib */,
			);
			name = Detail;
			sourceTree = "<group>";
		};
		727BDD48ACA57A8A677E480E /* Frameworks */ = {
			isa = PBXGroup;
			children = (
				626FBFADF8CB636A7A52B402 /* Pods_movieZup.framework */,
			);
			name = Frameworks;
			sourceTree = "<group>";
		};
		B72C9DD4A7654DC1E1FEE735 /* Pods */ = {
			isa = PBXGroup;
			children = (
				FE5EC2CD9439FFD5A2CC0D92 /* Pods-movieZup.debug.xcconfig */,
				A26024E292EB35F392AE36F2 /* Pods-movieZup.release.xcconfig */,
			);
			name = Pods;
			sourceTree = "<group>";
		};
		D969393F1E46713200426E14 = {
			isa = PBXGroup;
			children = (
				D969394A1E46713300426E14 /* movieZup */,
				D96939491E46713300426E14 /* Products */,
				B72C9DD4A7654DC1E1FEE735 /* Pods */,
				727BDD48ACA57A8A677E480E /* Frameworks */,
			);
			sourceTree = "<group>";
		};
		D96939491E46713300426E14 /* Products */ = {
			isa = PBXGroup;
			children = (
				D96939481E46713300426E14 /* movieZup.app */,
			);
			name = Products;
			sourceTree = "<group>";
		};
		D969394A1E46713300426E14 /* movieZup */ = {
			isa = PBXGroup;
			children = (
				D99096F31E5CB35D00101A90 /* Controllers */,
				D99096FD1E5CE7F800101A90 /* Constants.swift */,
				D96939601E46725A00426E14 /* api */,
				D96939611E46725A00426E14 /* model */,
				D99096F01E5CB1D900101A90 /* Class */,
				D969394B1E46713300426E14 /* AppDelegate.swift */,
				D969618D1E68600F0055C1C0 /* Cell */,
				D969394F1E46713300426E14 /* Main.storyboard */,
				08DF1B141E6E60CD008C6AC9 /* Detail */,
				D96939551E46713300426E14 /* Assets.xcassets */,
				D96939571E46713300426E14 /* LaunchScreen.storyboard */,
				D969395A1E46713300426E14 /* Info.plist */,
			);
			path = movieZup;
			sourceTree = "<group>";
		};
		D96939601E46725A00426E14 /* api */ = {
			isa = PBXGroup;
			children = (
				D96939641E467B7900426E14 /* MoviesAPI.swift */,
			);
			path = api;
			sourceTree = "<group>";
		};
		D96939611E46725A00426E14 /* model */ = {
			isa = PBXGroup;
			children = (
				D96939621E4674BC00426E14 /* Movies.swift */,
				08DF1B151E6E6547008C6AC9 /* Dao.swift */,
			);
			path = model;
			sourceTree = "<group>";
		};
		D969618D1E68600F0055C1C0 /* Cell */ = {
			isa = PBXGroup;
			children = (
				0812D7FA1E6E468600CCC9C6 /* CustomTableViewCell.swift */,
			);
			path = Cell;
			sourceTree = "<group>";
		};
		D99096F01E5CB1D900101A90 /* Class */ = {
			isa = PBXGroup;
			children = (
			);
			path = Class;
			sourceTree = "<group>";
		};
		D99096F31E5CB35D00101A90 /* Controllers */ = {
			isa = PBXGroup;
			children = (
				D969394D1E46713300426E14 /* ViewController.swift */,
			);
			name = Controllers;
			path = ../Controllers;
			sourceTree = "<group>";
		};
/* End PBXGroup section */

/* Begin PBXNativeTarget section */
		D96939471E46713300426E14 /* movieZup */ = {
			isa = PBXNativeTarget;
			buildConfigurationList = D969395D1E46713300426E14 /* Build configuration list for PBXNativeTarget "movieZup" */;
			buildPhases = (
				410039EC28CD6A77FAB30FFB /* [CP] Check Pods Manifest.lock */,
				D96939441E46713300426E14 /* Sources */,
				D96939451E46713300426E14 /* Frameworks */,
				D96939461E46713300426E14 /* Resources */,
				D986D75FC1960D249CEF6E40 /* [CP] Embed Pods Frameworks */,
				D5A4204E507688BA65685AFF /* [CP] Copy Pods Resources */,
			);
			buildRules = (
			);
			dependencies = (
			);
			name = movieZup;
			productName = movieZup;
			productReference = D96939481E46713300426E14 /* movieZup.app */;
			productType = "com.apple.product-type.application";
		};
/* End PBXNativeTarget section */

/* Begin PBXProject section */
		D96939401E46713200426E14 /* Project object */ = {
			isa = PBXProject;
			attributes = {
				LastSwiftUpdateCheck = 0820;
				LastUpgradeCheck = 0820;
				ORGANIZATIONNAME = "Jean Carlos";
				TargetAttributes = {
					D96939471E46713300426E14 = {
						CreatedOnToolsVersion = 8.2.1;
						DevelopmentTeam = 22GD85QNU8;
						ProvisioningStyle = Automatic;
					};
				};
			};
			buildConfigurationList = D96939431E46713200426E14 /* Build configuration list for PBXProject "movieZup" */;
			compatibilityVersion = "Xcode 3.2";
			developmentRegion = English;
			hasScannedForEncodings = 0;
			knownRegions = (
				en,
				Base,
			);
			mainGroup = D969393F1E46713200426E14;
			productRefGroup = D96939491E46713300426E14 /* Products */;
			projectDirPath = "";
			projectRoot = "";
			targets = (
				D96939471E46713300426E14 /* movieZup */,
			);
		};
/* End PBXProject section */

/* Begin PBXResourcesBuildPhase section */
		D96939461E46713300426E14 /* Resources */ = {
			isa = PBXResourcesBuildPhase;
			buildActionMask = 2147483647;
			files = (
				D96939591E46713300426E14 /* LaunchScreen.storyboard in Resources */,
				08DF1B131E6E60C0008C6AC9 /* DetailMovieViewController.xib in Resources */,
				D96939561E46713300426E14 /* Assets.xcassets in Resources */,
				D96939511E46713300426E14 /* Main.storyboard in Resources */,
			);
			runOnlyForDeploymentPostprocessing = 0;
		};
/* End PBXResourcesBuildPhase section */

/* Begin PBXShellScriptBuildPhase section */
		410039EC28CD6A77FAB30FFB /* [CP] Check Pods Manifest.lock */ = {
			isa = PBXShellScriptBuildPhase;
			buildActionMask = 2147483647;
			files = (
			);
			inputPaths = (
			);
			name = "[CP] Check Pods Manifest.lock";
			outputPaths = (
			);
			runOnlyForDeploymentPostprocessing = 0;
			shellPath = /bin/sh;
			shellScript = "diff \"${PODS_ROOT}/../Podfile.lock\" \"${PODS_ROOT}/Manifest.lock\" > /dev/null\nif [ $? != 0 ] ; then\n    # print error to STDERR\n    echo \"error: The sandbox is not in sync with the Podfile.lock. Run 'pod install' or update your CocoaPods installation.\" >&2\n    exit 1\nfi\n";
			showEnvVarsInLog = 0;
		};
		D5A4204E507688BA65685AFF /* [CP] Copy Pods Resources */ = {
			isa = PBXShellScriptBuildPhase;
			buildActionMask = 2147483647;
			files = (
			);
			inputPaths = (
			);
			name = "[CP] Copy Pods Resources";
			outputPaths = (
			);
			runOnlyForDeploymentPostprocessing = 0;
			shellPath = /bin/sh;
			shellScript = "\"${SRCROOT}/Pods/Target Support Files/Pods-movieZup/Pods-movieZup-resources.sh\"\n";
			showEnvVarsInLog = 0;
		};
		D986D75FC1960D249CEF6E40 /* [CP] Embed Pods Frameworks */ = {
			isa = PBXShellScriptBuildPhase;
			buildActionMask = 2147483647;
			files = (
			);
			inputPaths = (
			);
			name = "[CP] Embed Pods Frameworks";
			outputPaths = (
			);
			runOnlyForDeploymentPostprocessing = 0;
			shellPath = /bin/sh;
			shellScript = "\"${SRCROOT}/Pods/Target Support Files/Pods-movieZup/Pods-movieZup-frameworks.sh\"\n";
			showEnvVarsInLog = 0;
		};
/* End PBXShellScriptBuildPhase section */

/* Begin PBXSourcesBuildPhase section */
		D96939441E46713300426E14 /* Sources */ = {
			isa = PBXSourcesBuildPhase;
			buildActionMask = 2147483647;
			files = (
				D96939651E467B7900426E14 /* MoviesAPI.swift in Sources */,
				D969394E1E46713300426E14 /* ViewController.swift in Sources */,
				D96939631E4674BC00426E14 /* Movies.swift in Sources */,
				0812D7FB1E6E468600CCC9C6 /* CustomTableViewCell.swift in Sources */,
				D969394C1E46713300426E14 /* AppDelegate.swift in Sources */,
				08DF1B121E6E60C0008C6AC9 /* DetailMovieViewController.swift in Sources */,
				08DF1B161E6E6547008C6AC9 /* Dao.swift in Sources */,
				D99096FE1E5CE7F800101A90 /* Constants.swift in Sources */,
			);
			runOnlyForDeploymentPostprocessing = 0;
		};
/* End PBXSourcesBuildPhase section */

/* Begin PBXVariantGroup section */
		D969394F1E46713300426E14 /* Main.storyboard */ = {
			isa = PBXVariantGroup;
			children = (
				D96939501E46713300426E14 /* Base */,
			);
			name = Main.storyboard;
			sourceTree = "<group>";
		};
		D96939571E46713300426E14 /* LaunchScreen.storyboard */ = {
			isa = PBXVariantGroup;
			children = (
				D96939581E46713300426E14 /* Base */,
			);
			name = LaunchScreen.storyboard;
			sourceTree = "<group>";
		};
/* End PBXVariantGroup section */

/* Begin XCBuildConfiguration section */
		D969395B1E46713300426E14 /* Debug */ = {
			isa = XCBuildConfiguration;
			buildSettings = {
				ALWAYS_SEARCH_USER_PATHS = NO;
				CLANG_ANALYZER_NONNULL = YES;
				CLANG_CXX_LANGUAGE_STANDARD = "gnu++0x";
				CLANG_CXX_LIBRARY = "libc++";
				CLANG_ENABLE_MODULES = YES;
				CLANG_ENABLE_OBJC_ARC = YES;
				CLANG_WARN_BOOL_CONVERSION = YES;
				CLANG_WARN_CONSTANT_CONVERSION = YES;
				CLANG_WARN_DIRECT_OBJC_ISA_USAGE = YES_ERROR;
				CLANG_WARN_DOCUMENTATION_COMMENTS = YES;
				CLANG_WARN_EMPTY_BODY = YES;
				CLANG_WARN_ENUM_CONVERSION = YES;
				CLANG_WARN_INFINITE_RECURSION = YES;
				CLANG_WARN_INT_CONVERSION = YES;
				CLANG_WARN_OBJC_ROOT_CLASS = YES_ERROR;
				CLANG_WARN_SUSPICIOUS_MOVE = YES;
				CLANG_WARN_UNREACHABLE_CODE = YES;
				CLANG_WARN__DUPLICATE_METHOD_MATCH = YES;
				"CODE_SIGN_IDENTITY[sdk=iphoneos*]" = "iPhone Developer";
				COPY_PHASE_STRIP = NO;
				DEBUG_INFORMATION_FORMAT = dwarf;
				ENABLE_STRICT_OBJC_MSGSEND = YES;
				ENABLE_TESTABILITY = YES;
				GCC_C_LANGUAGE_STANDARD = gnu99;
				GCC_DYNAMIC_NO_PIC = NO;
				GCC_NO_COMMON_BLOCKS = YES;
				GCC_OPTIMIZATION_LEVEL = 0;
				GCC_PREPROCESSOR_DEFINITIONS = (
					"DEBUG=1",
					"$(inherited)",
				);
				GCC_WARN_64_TO_32_BIT_CONVERSION = YES;
				GCC_WARN_ABOUT_RETURN_TYPE = YES_ERROR;
				GCC_WARN_UNDECLARED_SELECTOR = YES;
				GCC_WARN_UNINITIALIZED_AUTOS = YES_AGGRESSIVE;
				GCC_WARN_UNUSED_FUNCTION = YES;
				GCC_WARN_UNUSED_VARIABLE = YES;
				IPHONEOS_DEPLOYMENT_TARGET = 10.2;
				MTL_ENABLE_DEBUG_INFO = YES;
				ONLY_ACTIVE_ARCH = YES;
				SDKROOT = iphoneos;
				SWIFT_ACTIVE_COMPILATION_CONDITIONS = DEBUG;
				SWIFT_OPTIMIZATION_LEVEL = "-Onone";
			};
			name = Debug;
		};
		D969395C1E46713300426E14 /* Release */ = {
			isa = XCBuildConfiguration;
			buildSettings = {
				ALWAYS_SEARCH_USER_PATHS = NO;
				CLANG_ANALYZER_NONNULL = YES;
				CLANG_CXX_LANGUAGE_STANDARD = "gnu++0x";
				CLANG_CXX_LIBRARY = "libc++";
				CLANG_ENABLE_MODULES = YES;
				CLANG_ENABLE_OBJC_ARC = YES;
				CLANG_WARN_BOOL_CONVERSION = YES;
				CLANG_WARN_CONSTANT_CONVERSION = YES;
				CLANG_WARN_DIRECT_OBJC_ISA_USAGE = YES_ERROR;
				CLANG_WARN_DOCUMENTATION_COMMENTS = YES;
				CLANG_WARN_EMPTY_BODY = YES;
				CLANG_WARN_ENUM_CONVERSION = YES;
				CLANG_WARN_INFINITE_RECURSION = YES;
				CLANG_WARN_INT_CONVERSION = YES;
				CLANG_WARN_OBJC_ROOT_CLASS = YES_ERROR;
				CLANG_WARN_SUSPICIOUS_MOVE = YES;
				CLANG_WARN_UNREACHABLE_CODE = YES;
				CLANG_WARN__DUPLICATE_METHOD_MATCH = YES;
				"CODE_SIGN_IDENTITY[sdk=iphoneos*]" = "iPhone Developer";
				COPY_PHASE_STRIP = NO;
				DEBUG_INFORMATION_FORMAT = "dwarf-with-dsym";
				ENABLE_NS_ASSERTIONS = NO;
				ENABLE_STRICT_OBJC_MSGSEND = YES;
				GCC_C_LANGUAGE_STANDARD = gnu99;
				GCC_NO_COMMON_BLOCKS = YES;
				GCC_WARN_64_TO_32_BIT_CONVERSION = YES;
				GCC_WARN_ABOUT_RETURN_TYPE = YES_ERROR;
				GCC_WARN_UNDECLARED_SELECTOR = YES;
				GCC_WARN_UNINITIALIZED_AUTOS = YES_AGGRESSIVE;
				GCC_WARN_UNUSED_FUNCTION = YES;
				GCC_WARN_UNUSED_VARIABLE = YES;
				IPHONEOS_DEPLOYMENT_TARGET = 10.2;
				MTL_ENABLE_DEBUG_INFO = NO;
				SDKROOT = iphoneos;
				SWIFT_OPTIMIZATION_LEVEL = "-Owholemodule";
				VALIDATE_PRODUCT = YES;
			};
			name = Release;
		};
		D969395E1E46713300426E14 /* Debug */ = {
			isa = XCBuildConfiguration;
			baseConfigurationReference = FE5EC2CD9439FFD5A2CC0D92 /* Pods-movieZup.debug.xcconfig */;
			buildSettings = {
				ALWAYS_EMBED_SWIFT_STANDARD_LIBRARIES = YES;
				ASSETCATALOG_COMPILER_APPICON_NAME = AppIcon;
				DEVELOPMENT_TEAM = 22GD85QNU8;
				INFOPLIST_FILE = movieZup/Info.plist;
				LD_RUNPATH_SEARCH_PATHS = "$(inherited) @executable_path/Frameworks";
				PRODUCT_BUNDLE_IDENTIFIER = com.jeancarlosit.movieZup;
				PRODUCT_NAME = "$(TARGET_NAME)";
				SWIFT_VERSION = 3.0;
			};
			name = Debug;
		};
		D969395F1E46713300426E14 /* Release */ = {
			isa = XCBuildConfiguration;
			baseConfigurationReference = A26024E292EB35F392AE36F2 /* Pods-movieZup.release.xcconfig */;
			buildSettings = {
				ALWAYS_EMBED_SWIFT_STANDARD_LIBRARIES = YES;
				ASSETCATALOG_COMPILER_APPICON_NAME = AppIcon;
				DEVELOPMENT_TEAM = 22GD85QNU8;
				INFOPLIST_FILE = movieZup/Info.plist;
				LD_RUNPATH_SEARCH_PATHS = "$(inherited) @executable_path/Frameworks";
				PRODUCT_BUNDLE_IDENTIFIER = com.jeancarlosit.movieZup;
				PRODUCT_NAME = "$(TARGET_NAME)";
				SWIFT_VERSION = 3.0;
			};
			name = Release;
		};
/* End XCBuildConfiguration section */

/* Begin XCConfigurationList section */
		D96939431E46713200426E14 /* Build configuration list for PBXProject "movieZup" */ = {
			isa = XCConfigurationList;
			buildConfigurations = (
				D969395B1E46713300426E14 /* Debug */,
				D969395C1E46713300426E14 /* Release */,
			);
			defaultConfigurationIsVisible = 0;
			defaultConfigurationName = Release;
		};
		D969395D1E46713300426E14 /* Build configuration list for PBXNativeTarget "movieZup" */ = {
			isa = XCConfigurationList;
			buildConfigurations = (
				D969395E1E46713300426E14 /* Debug */,
				D969395F1E46713300426E14 /* Release */,
			);
			defaultConfigurationIsVisible = 0;
			defaultConfigurationName = Release;
		};
/* End XCConfigurationList section */
	};
	rootObject = D96939401E46713200426E14 /* Project object */;
}
